
Microsoft Visual Studio Solution File, Format Version 12.00
# Visual Studio Version 17
VisualStudioVersion = 17.3.32901.215
MinimumVisualStudioVersion = 10.0.40219.1
Project("{FAE04EC0-301F-11D3-BF4B-00C04F79EFBC}") = "Student", "Student.csproj", "{1E7D7A38-7F8B-4333-B9D7-E5784A3B2B9D}"
EndProject
Global
	GlobalSection(SolutionConfigurationPlatforms) = preSolution
		Debug|Any CPU = Debug|Any CPU
		Release|Any CPU = Release|Any CPU
	EndGlobalSection
	GlobalSection(ProjectConfigurationPlatforms) = postSolution
		{1E7D7A38-7F8B-4333-B9D7-E5784A3B2B9D}.Debug|Any CPU.ActiveCfg = Debug|Any CPU
		{1E7D7A38-7F8B-4333-B9D7-E5784A3B2B9D}.Debug|Any CPU.Build.0 = Debug|Any CPU
		{1E7D7A38-7F8B-4333-B9D7-E5784A3B2B9D}.Release|Any CPU.ActiveCfg = Release|Any CPU
		{1E7D7A38-7F8B-4333-B9D7-E5784A3B2B9D}.Release|Any CPU.Build.0 = Release|Any CPU
	EndGlobalSection
	GlobalSection(SolutionProperties) = preSolution
		HideSolutionNode = FALSE
	EndGlobalSection
	GlobalSection(ExtensibilityGlobals) = postSolution
		SolutionGuid = {E365E4C1-8336-4211-83C5-58F8F6D727EF}
	EndGlobalSection
EndGlobal
